<?xml version="1.0" encoding="utf-8"?>
<Project ToolsVersion="4.0" xmlns="http://schemas.microsoft.com/developer/msbuild/2003">
  <ItemGroup>
    <Filter Include="Source Files">
      <UniqueIdentifier>{4FC737F1-C7A5-4376-A066-2A32D752A2FF}</UniqueIdentifier>
      <Extensions>cpp;c;cc;cxx;def;odl;idl;hpj;bat;asm;asmx</Extensions>
    </Filter>
    <Filter Include="Header Files">
      <UniqueIdentifier>{93995380-89BD-4b04-88EB-625FBE52EBFB}</UniqueIdentifier>
      <Extensions>h;hpp;hxx;hm;inl;inc;xsd</Extensions>
    </Filter>
    <Filter Include="Resource Files">
      <UniqueIdentifier>{67DA6AB6-F800-4c08-8B7A-83BB121AAD01}</UniqueIdentifier>
      <Extensions>rc;ico;cur;bmp;dlg;rc2;rct;bin;rgs;gif;jpg;jpeg;jpe;resx;tiff;tif;png;wav;mfcribbon-ms</Extensions>
    </Filter>
    <Filter Include="Header Files\Framework">
      <UniqueIdentifier>{122ab33a-8579-40ef-b40e-d7d6dc16a491}</UniqueIdentifier>
    </Filter>
    <Filter Include="Header Files\States">
      <UniqueIdentifier>{ccff09b2-d1a2-49bf-8217-da750ad90010}</UniqueIdentifier>
    </Filter>
    <Filter Include="Header Files\States\Main Menu">
      <UniqueIdentifier>{de355fbe-cc1d-4f35-95b5-6cf25a43af0d}</UniqueIdentifier>
    </Filter>
    <Filter Include="Source Files\Framework">
      <UniqueIdentifier>{b5fc5783-95fe-4693-ae21-147e75a4cbea}</UniqueIdentifier>
    </Filter>
    <Filter Include="Source Files\States">
      <UniqueIdentifier>{2ad2a970-9242-4587-8a6f-03a5845b97df}</UniqueIdentifier>
    </Filter>
    <Filter Include="Source Files\States\Main Menu">
      <UniqueIdentifier>{7a5fe113-c8cf-4864-929e-04e6002d03bd}</UniqueIdentifier>
    </Filter>
    <Filter Include="Header Files\States\Gameplay">
      <UniqueIdentifier>{da910df2-9b7c-440d-99c8-872565fd7f0a}</UniqueIdentifier>
    </Filter>
    <Filter Include="Source Files\States\Gameplay">
      <UniqueIdentifier>{aee2984d-f033-4693-8d0c-84ab19fa1de9}</UniqueIdentifier>
    </Filter>
    <Filter Include="Header Files\States\Gameplay\enemies">
      <UniqueIdentifier>{35cc983f-4598-4c45-9a72-52d29bdae19a}</UniqueIdentifier>
    </Filter>
    <Filter Include="Source Files\States\Gameplay\enemies">
      <UniqueIdentifier>{38ad9fc1-f13c-409d-a390-c960836e7ef0}</UniqueIdentifier>
    </Filter>
    <Filter Include="Header Files\States\Gameplay\level">
      <UniqueIdentifier>{926cbba4-12a0-4a14-bfbd-ebf53bc50649}</UniqueIdentifier>
    </Filter>
    <Filter Include="Source Files\States\Gameplay\level">
      <UniqueIdentifier>{5eef6c80-f9ec-4f75-8e39-b900a21ba148}</UniqueIdentifier>
    </Filter>
  </ItemGroup>
  <ItemGroup>
    <ClCompile Include="..\Source\main.cpp">
      <Filter>Source Files</Filter>
    </ClCompile>
    <ClCompile Include="..\Source\engine.cpp">
      <Filter>Source Files\Framework</Filter>
    </ClCompile>
    <ClCompile Include="..\Source\state.cpp">
      <Filter>Source Files\Framework</Filter>
    </ClCompile>
    <ClCompile Include="..\Source\state_main_menu.cpp">
      <Filter>Source Files\States\Main Menu</Filter>
    </ClCompile>
    <ClCompile Include="..\Source\state_gameplay.cpp">
      <Filter>Source Files\States\Gameplay</Filter>
    </ClCompile>
    <ClCompile Include="..\Source\player.cpp">
      <Filter>Source Files\States\Gameplay</Filter>
    </ClCompile>
    <ClCompile Include="..\Source\entity.cpp">
      <Filter>Source Files\Framework</Filter>
    </ClCompile>
    <ClCompile Include="..\Source\enemy.cpp">
      <Filter>Source Files\States\Gameplay</Filter>
    </ClCompile>
    <ClCompile Include="..\Source\path.cpp">
      <Filter>Source Files\States\Gameplay</Filter>
    </ClCompile>
    <ClCompile Include="..\Source\enemy_test.cpp">
      <Filter>Source Files\States\Gameplay\enemies</Filter>
    </ClCompile>
    <ClCompile Include="..\Source\level.cpp">
      <Filter>Source Files\States\Gameplay\level</Filter>
    </ClCompile>
    <ClCompile Include="..\Source\particle.cpp">
      <Filter>Source Files\States\Gameplay\level</Filter>
    </ClCompile>
    <ClCompile Include="..\Source\weather.cpp">
      <Filter>Source Files\States\Gameplay\level</Filter>
    </ClCompile>
  </ItemGroup>
  <ItemGroup>
    <ClInclude Include="..\Source\engine.h">
      <Filter>Header Files\Framework</Filter>
    </ClInclude>
    <ClInclude Include="..\Source\state.h">
      <Filter>Header Files\Framework</Filter>
    </ClInclude>
    <ClInclude Include="..\Source\state_main_menu.h">
      <Filter>Header Files\States\Main Menu</Filter>
    </ClInclude>
    <ClInclude Include="..\Source\state_gameplay.h">
      <Filter>Header Files\States\Gameplay</Filter>
    </ClInclude>
    <ClInclude Include="..\Source\player.h">
      <Filter>Header Files\States\Gameplay</Filter>
    </ClInclude>
    <ClInclude Include="..\Source\entity.h">
      <Filter>Header Files\Framework</Filter>
    </ClInclude>
    <ClInclude Include="..\Source\base.h">
      <Filter>Header Files\Framework</Filter>
    </ClInclude>
    <ClInclude Include="..\Source\enemy.h">
      <Filter>Header Files\States\Gameplay</Filter>
    </ClInclude>
    <ClInclude Include="..\Source\path.h">
      <Filter>Header Files\States\Gameplay</Filter>
    </ClInclude>
    <ClInclude Include="..\Source\enemy_test.h">
      <Filter>Header Files\States\Gameplay\enemies</Filter>
    </ClInclude>
    <ClInclude Include="..\Source\level.h">
      <Filter>Header Files\States\Gameplay\level</Filter>
    </ClInclude>
    <ClInclude Include="..\Source\weather.h">
      <Filter>Header Files\States\Gameplay\level</Filter>
    </ClInclude>
  </ItemGroup>
</Project>